
Microsoft Visual Studio Solution File, Format Version 12.00
# Visual Studio Version 17
VisualStudioVersion = 17.2.32630.192
MinimumVisualStudioVersion = 10.0.40219.1
Project("{FAE04EC0-301F-11D3-BF4B-00C04F79EFBC}") = "U7L2", "U7L2\U7L2.csproj", "{E0BB6716-A0B7-452D-9E90-8584EFAAE400}"
EndProject
Global
	GlobalSection(SolutionConfigurationPlatforms) = preSolution
		Debug|Any CPU = Debug|Any CPU
		Release|Any CPU = Release|Any CPU
	EndGlobalSection
	GlobalSection(ProjectConfigurationPlatforms) = postSolution
		{E0BB6716-A0B7-452D-9E90-8584EFAAE400}.Debug|Any CPU.ActiveCfg = Debug|Any CPU
		{E0BB6716-A0B7-452D-9E90-8584EFAAE400}.Debug|Any CPU.Build.0 = Debug|Any CPU
		{E0BB6716-A0B7-452D-9E90-8584EFAAE400}.Release|Any CPU.ActiveCfg = Release|Any CPU
		{E0BB6716-A0B7-452D-9E90-8584EFAAE400}.Release|Any CPU.Build.0 = Release|Any CPU
	EndGlobalSection
	GlobalSection(SolutionProperties) = preSolution
		HideSolutionNode = FALSE
	EndGlobalSection
	GlobalSection(ExtensibilityGlobals) = postSolution
		SolutionGuid = {C951D787-E6EB-4485-AE38-41B8ADA4991B}
	EndGlobalSection
EndGlobal
